
Microsoft Visual Studio Solution File, Format Version 12.00
# Visual Studio Version 16
VisualStudioVersion = 16.0.35425.106
MinimumVisualStudioVersion = 10.0.40219.1
Project("{FAE04EC0-301F-11D3-BF4B-00C04F79EFBC}") = "project3_interfaces_2_dokonczone", "project3_interfaces_2_dokonczone.csproj", "{B86EAB7A-C039-439E-9332-8FFB260357F6}"
EndProject
Global
	GlobalSection(SolutionConfigurationPlatforms) = preSolution
		Debug|Any CPU = Debug|Any CPU
		Release|Any CPU = Release|Any CPU
	EndGlobalSection
	GlobalSection(ProjectConfigurationPlatforms) = postSolution
		{B86EAB7A-C039-439E-9332-8FFB260357F6}.Debug|Any CPU.ActiveCfg = Debug|Any CPU
		{B86EAB7A-C039-439E-9332-8FFB260357F6}.Debug|Any CPU.Build.0 = Debug|Any CPU
		{B86EAB7A-C039-439E-9332-8FFB260357F6}.Release|Any CPU.ActiveCfg = Release|Any CPU
		{B86EAB7A-C039-439E-9332-8FFB260357F6}.Release|Any CPU.Build.0 = Release|Any CPU
	EndGlobalSection
	GlobalSection(SolutionProperties) = preSolution
		HideSolutionNode = FALSE
	EndGlobalSection
	GlobalSection(ExtensibilityGlobals) = postSolution
		SolutionGuid = {03490213-0DFA-463D-9ABA-E2DE6DBE4694}
	EndGlobalSection
EndGlobal
